
Microsoft Visual Studio Solution File, Format Version 12.00
# Visual Studio 15
VisualStudioVersion = 15.0.28307.168
MinimumVisualStudioVersion = 10.0.40219.1
Project("{8BC9CEB8-8B4A-11D0-8D11-00A0C91BC942}") = "hw2", "hw2.vcxproj", "{28DE6EF8-5183-49C7-8FAA-3CAA5B5F36AE}"
EndProject
Global
	GlobalSection(SolutionConfigurationPlatforms) = preSolution
		Debug|x64 = Debug|x64
		Debug|x86 = Debug|x86
		Release|x64 = Release|x64
		Release|x86 = Release|x86
	EndGlobalSection
	GlobalSection(ProjectConfigurationPlatforms) = postSolution
		{28DE6EF8-5183-49C7-8FAA-3CAA5B5F36AE}.Debug|x64.ActiveCfg = Debug|x64
		{28DE6EF8-5183-49C7-8FAA-3CAA5B5F36AE}.Debug|x64.Build.0 = Debug|x64
		{28DE6EF8-5183-49C7-8FAA-3CAA5B5F36AE}.Debug|x86.ActiveCfg = Debug|Win32
		{28DE6EF8-5183-49C7-8FAA-3CAA5B5F36AE}.Debug|x86.Build.0 = Debug|Win32
		{28DE6EF8-5183-49C7-8FAA-3CAA5B5F36AE}.Release|x64.ActiveCfg = Release|x64
		{28DE6EF8-5183-49C7-8FAA-3CAA5B5F36AE}.Release|x64.Build.0 = Release|x64
		{28DE6EF8-5183-49C7-8FAA-3CAA5B5F36AE}.Release|x86.ActiveCfg = Release|Win32
		{28DE6EF8-5183-49C7-8FAA-3CAA5B5F36AE}.Release|x86.Build.0 = Release|Win32
	EndGlobalSection
	GlobalSection(SolutionProperties) = preSolution
		HideSolutionNode = FALSE
	EndGlobalSection
	GlobalSection(ExtensibilityGlobals) = postSolution
		SolutionGuid = {F0EDD7D7-69DF-44FE-99EA-4FC0C8AEE626}
	EndGlobalSection
EndGlobal
